
Microsoft Visual Studio Solution File, Format Version 12.00
# Visual Studio Version 16
VisualStudioVersion = 16.0.31205.134
MinimumVisualStudioVersion = 10.0.40219.1
Project("{FAE04EC0-301F-11D3-BF4B-00C04F79EFBC}") = "Book", "Book\Book.csproj", "{E571D3BA-A15F-4922-8A01-4F659F1D26A6}"
EndProject
Global
	GlobalSection(SolutionConfigurationPlatforms) = preSolution
		Debug|Any CPU = Debug|Any CPU
		Release|Any CPU = Release|Any CPU
	EndGlobalSection
	GlobalSection(ProjectConfigurationPlatforms) = postSolution
		{E571D3BA-A15F-4922-8A01-4F659F1D26A6}.Debug|Any CPU.ActiveCfg = Debug|Any CPU
		{E571D3BA-A15F-4922-8A01-4F659F1D26A6}.Debug|Any CPU.Build.0 = Debug|Any CPU
		{E571D3BA-A15F-4922-8A01-4F659F1D26A6}.Release|Any CPU.ActiveCfg = Release|Any CPU
		{E571D3BA-A15F-4922-8A01-4F659F1D26A6}.Release|Any CPU.Build.0 = Release|Any CPU
	EndGlobalSection
	GlobalSection(SolutionProperties) = preSolution
		HideSolutionNode = FALSE
	EndGlobalSection
	GlobalSection(ExtensibilityGlobals) = postSolution
		SolutionGuid = {8A828265-F9C9-43E9-8C72-30E1679C8E04}
	EndGlobalSection
EndGlobal
